
Microsoft Visual Studio Solution File, Format Version 12.00
# Visual Studio 2012
Project("{FAE04EC0-301F-11D3-BF4B-00C04F79EFBC}") = "RentalProject", "RentalProject\RentalProject.csproj", "{75C8CCE6-BC40-4067-819B-791A8F2EEE63}"
EndProject
Project("{FAE04EC0-301F-11D3-BF4B-00C04F79EFBC}") = "RentalDataAccess", "RentalDataAccess\RentalDataAccess.csproj", "{607B951B-6F4E-4525-9233-6051D2E4D77D}"
EndProject
Global
	GlobalSection(SolutionConfigurationPlatforms) = preSolution
		Debug|Any CPU = Debug|Any CPU
		Release|Any CPU = Release|Any CPU
	EndGlobalSection
	GlobalSection(ProjectConfigurationPlatforms) = postSolution
		{75C8CCE6-BC40-4067-819B-791A8F2EEE63}.Debug|Any CPU.ActiveCfg = Debug|Any CPU
		{75C8CCE6-BC40-4067-819B-791A8F2EEE63}.Debug|Any CPU.Build.0 = Debug|Any CPU
		{75C8CCE6-BC40-4067-819B-791A8F2EEE63}.Release|Any CPU.ActiveCfg = Release|Any CPU
		{75C8CCE6-BC40-4067-819B-791A8F2EEE63}.Release|Any CPU.Build.0 = Release|Any CPU
		{607B951B-6F4E-4525-9233-6051D2E4D77D}.Debug|Any CPU.ActiveCfg = Debug|Any CPU
		{607B951B-6F4E-4525-9233-6051D2E4D77D}.Debug|Any CPU.Build.0 = Debug|Any CPU
		{607B951B-6F4E-4525-9233-6051D2E4D77D}.Release|Any CPU.ActiveCfg = Release|Any CPU
		{607B951B-6F4E-4525-9233-6051D2E4D77D}.Release|Any CPU.Build.0 = Release|Any CPU
	EndGlobalSection
	GlobalSection(SolutionProperties) = preSolution
		HideSolutionNode = FALSE
	EndGlobalSection
EndGlobal
